PODS:
  - Alamofire (4.4.0)
  - AlamofireImage (3.2.0):
    - Alamofire (~> 4.1)
  - HexLoader (0.1.1)

DEPENDENCIES:
  - AlamofireImage (~> 3.1)
  - HexLoader

SPEC CHECKSUMS:
  Alamofire: dc44b1600b800eb63da6a19039a0083d62a6a62d
  AlamofireImage: 157ed682cc81d3b9db4fb90c1f12180ac552d93b
  HexLoader: 0e389575e244ebced8062c89a1ace15a70ad5221

PODFILE CHECKSUM: 1febe18fc3d2702ecd19e44f141049919bb316d7

COCOAPODS: 1.1.1
